
Microsoft Visual Studio Solution File, Format Version 12.00
# Visual Studio 15
VisualStudioVersion = 15.0.28307.1738
MinimumVisualStudioVersion = 10.0.40219.1
Project("{FAE04EC0-301F-11D3-BF4B-00C04F79EFBC}") = "katalog-miejsc-turystycznych", "katalog-miejsc-turystycznych\katalog-miejsc-turystycznych.csproj", "{CBBCCFB1-2905-40AD-9CA4-4FF9E79E5950}"
EndProject
Project("{9A19103F-16F7-4668-BE54-9A1E7A4F7556}") = "core", "core\core.csproj", "{EC002011-AED9-454B-99DF-ED0E3C998E12}"
EndProject
Project("{FAE04EC0-301F-11D3-BF4B-00C04F79EFBC}") = "test", "test\test.csproj", "{1FDC009A-2355-43F0-9521-505C8FB0B6D3}"
EndProject
Global
	GlobalSection(SolutionConfigurationPlatforms) = preSolution
		Debug|Any CPU = Debug|Any CPU
		Release|Any CPU = Release|Any CPU
	EndGlobalSection
	GlobalSection(ProjectConfigurationPlatforms) = postSolution
		{CBBCCFB1-2905-40AD-9CA4-4FF9E79E5950}.Debug|Any CPU.ActiveCfg = Debug|Any CPU
		{CBBCCFB1-2905-40AD-9CA4-4FF9E79E5950}.Debug|Any CPU.Build.0 = Debug|Any CPU
		{CBBCCFB1-2905-40AD-9CA4-4FF9E79E5950}.Release|Any CPU.ActiveCfg = Release|Any CPU
		{CBBCCFB1-2905-40AD-9CA4-4FF9E79E5950}.Release|Any CPU.Build.0 = Release|Any CPU
		{EC002011-AED9-454B-99DF-ED0E3C998E12}.Debug|Any CPU.ActiveCfg = Debug|Any CPU
		{EC002011-AED9-454B-99DF-ED0E3C998E12}.Debug|Any CPU.Build.0 = Debug|Any CPU
		{EC002011-AED9-454B-99DF-ED0E3C998E12}.Release|Any CPU.ActiveCfg = Release|Any CPU
		{EC002011-AED9-454B-99DF-ED0E3C998E12}.Release|Any CPU.Build.0 = Release|Any CPU
		{1FDC009A-2355-43F0-9521-505C8FB0B6D3}.Debug|Any CPU.ActiveCfg = Debug|Any CPU
		{1FDC009A-2355-43F0-9521-505C8FB0B6D3}.Debug|Any CPU.Build.0 = Debug|Any CPU
		{1FDC009A-2355-43F0-9521-505C8FB0B6D3}.Release|Any CPU.ActiveCfg = Release|Any CPU
		{1FDC009A-2355-43F0-9521-505C8FB0B6D3}.Release|Any CPU.Build.0 = Release|Any CPU
	EndGlobalSection
	GlobalSection(SolutionProperties) = preSolution
		HideSolutionNode = FALSE
	EndGlobalSection
	GlobalSection(ExtensibilityGlobals) = postSolution
		SolutionGuid = {BFFFC691-82ED-47F2-B4A1-9FD15DD1602E}
	EndGlobalSection
EndGlobal
